
Microsoft Visual Studio Solution File, Format Version 9.00
# Visual Studio 2005
Project("{FAE04EC0-301F-11D3-BF4B-00C04F79EFBC}") = "FileHandling", "FileHandling.csproj", "{0DF3C522-0E81-4836-934C-79A174B40330}"
EndProject
Project("{54435603-DBB4-11D2-8724-00A0C9A8B90C}") = "File_Handling_Setup", "Setup\File_Handling_Setup\File_Handling_Setup.vdproj", "{9DD22B64-9C12-4CDF-BAFB-C7A2F97BF54E}"
EndProject
Global
	GlobalSection(SolutionConfigurationPlatforms) = preSolution
		Debug|Any CPU = Debug|Any CPU
		Release|Any CPU = Release|Any CPU
	EndGlobalSection
	GlobalSection(ProjectConfigurationPlatforms) = postSolution
		{0DF3C522-0E81-4836-934C-79A174B40330}.Debug|Any CPU.ActiveCfg = Debug|Any CPU
		{0DF3C522-0E81-4836-934C-79A174B40330}.Debug|Any CPU.Build.0 = Debug|Any CPU
		{0DF3C522-0E81-4836-934C-79A174B40330}.Release|Any CPU.ActiveCfg = Release|Any CPU
		{0DF3C522-0E81-4836-934C-79A174B40330}.Release|Any CPU.Build.0 = Release|Any CPU
		{9DD22B64-9C12-4CDF-BAFB-C7A2F97BF54E}.Debug|Any CPU.ActiveCfg = Debug
		{9DD22B64-9C12-4CDF-BAFB-C7A2F97BF54E}.Release|Any CPU.ActiveCfg = Release
	EndGlobalSection
	GlobalSection(SolutionProperties) = preSolution
		HideSolutionNode = FALSE
	EndGlobalSection
EndGlobal
