Microsoft Visual Studio Solution File, Format Version 9.00
# Visual Studio 2005
Project("{E24C65DC-7377-472B-9ABA-BC803B73C61A}") = "http://localhost/ExcelExport/", "http://localhost/ExcelExport", "{5A4743A8-F194-42F6-BFBA-1C4E98D907EA}"
	ProjectSection(WebsiteProperties) = preProject
		Debug.AspNetCompiler.VirtualPath = "/ExcelExport"
		Debug.AspNetCompiler.PhysicalPath = "..\ExcelExport\"
		Debug.AspNetCompiler.TargetPath = "PrecompiledWeb\ExcelExport\"
		Debug.AspNetCompiler.Updateable = "true"
		Debug.AspNetCompiler.ForceOverwrite = "true"
		Debug.AspNetCompiler.FixedNames = "false"
		Debug.AspNetCompiler.Debug = "True"
		Release.AspNetCompiler.VirtualPath = "/ExcelExport"
		Release.AspNetCompiler.PhysicalPath = "..\ExcelExport\"
		Release.AspNetCompiler.TargetPath = "PrecompiledWeb\ExcelExport\"
		Release.AspNetCompiler.Updateable = "true"
		Release.AspNetCompiler.ForceOverwrite = "true"
		Release.AspNetCompiler.FixedNames = "false"
		Release.AspNetCompiler.Debug = "False"
		SlnRelativePath = "..\ExcelExport\"
	EndProjectSection
EndProject
Global
	GlobalSection(SolutionConfigurationPlatforms) = preSolution
		Debug|.NET = Debug|.NET
		Release|.NET = Release|.NET
	EndGlobalSection
	GlobalSection(ProjectConfigurationPlatforms) = postSolution
		{5A4743A8-F194-42F6-BFBA-1C4E98D907EA}.Debug|.NET.ActiveCfg = Debug|.NET
		{5A4743A8-F194-42F6-BFBA-1C4E98D907EA}.Debug|.NET.Build.0 = Debug|.NET
		{5A4743A8-F194-42F6-BFBA-1C4E98D907EA}.Release|.NET.ActiveCfg = Release|.NET
		{5A4743A8-F194-42F6-BFBA-1C4E98D907EA}.Release|.NET.Build.0 = Release|.NET
	EndGlobalSection
	GlobalSection(SolutionProperties) = preSolution
		HideSolutionNode = FALSE
	EndGlobalSection
EndGlobal
