
Microsoft Visual Studio Solution File, Format Version 9.00
# Visual Studio 2005
Project("{FAE04EC0-301F-11D3-BF4B-00C04F79EFBC}") = "DatapaqAsset_Indexing", "DatapaqAsset_Indexing\DatapaqAsset_Indexing.csproj", "{BC4FCF69-46E5-43C5-B348-D70C39B10EE8}"
	ProjectSection(WebsiteProperties) = preProject
		Debug.AspNetCompiler.Debug = "True"
		Release.AspNetCompiler.Debug = "False"
	EndProjectSection
EndProject
Global
	GlobalSection(SolutionConfigurationPlatforms) = preSolution
		Debug|Any CPU = Debug|Any CPU
		Release|Any CPU = Release|Any CPU
	EndGlobalSection
	GlobalSection(ProjectConfigurationPlatforms) = postSolution
		{BC4FCF69-46E5-43C5-B348-D70C39B10EE8}.Debug|Any CPU.ActiveCfg = Debug|Any CPU
		{BC4FCF69-46E5-43C5-B348-D70C39B10EE8}.Debug|Any CPU.Build.0 = Debug|Any CPU
		{BC4FCF69-46E5-43C5-B348-D70C39B10EE8}.Release|Any CPU.ActiveCfg = Release|Any CPU
		{BC4FCF69-46E5-43C5-B348-D70C39B10EE8}.Release|Any CPU.Build.0 = Release|Any CPU
	EndGlobalSection
	GlobalSection(SolutionProperties) = preSolution
		HideSolutionNode = FALSE
	EndGlobalSection
EndGlobal
