Microsoft Visual Studio Solution File, Format Version 9.00
# Visual Studio 2005
Project("{E24C65DC-7377-472B-9ABA-BC803B73C61A}") = "FileUpE", "http://localhost/FileUpE/", "{97D5BD96-E3DB-4668-8B58-42C999E32A56}"
EndProject
Global
	GlobalSection(SolutionConfigurationPlatforms) = preSolution
		Debug|Default = Debug|Default
		Release|Default = Release|Default
	EndGlobalSection
	GlobalSection(ProjectConfigurationPlatforms) = postSolution
		{97D5BD96-E3DB-4668-8B58-42C999E32A56}.Debug|Default.ActiveCfg = Debug|.NET
		{97D5BD96-E3DB-4668-8B58-42C999E32A56}.Debug|Default.Build.0 = Debug|.NET
		{97D5BD96-E3DB-4668-8B58-42C999E32A56}.Release|Default.ActiveCfg = Release|.NET
		{97D5BD96-E3DB-4668-8B58-42C999E32A56}.Release|Default.Build.0 = Release|.NET
	EndGlobalSection
	GlobalSection(SolutionProperties) = preSolution
		HideSolutionNode = FALSE
	EndGlobalSection
EndGlobal
